
Microsoft Visual Studio Solution File, Format Version 12.00
# Visual Studio Version 17
VisualStudioVersion = 17.6.33829.357
MinimumVisualStudioVersion = 10.0.40219.1
Project("{FAE04EC0-301F-11D3-BF4B-00C04F79EFBC}") = "UsingADO.NET", "UsingADO.NET\UsingADO.NET.csproj", "{A37180FE-6AB4-4A7E-ACD1-AE6F860BFD3F}"
EndProject
Global
	GlobalSection(SolutionConfigurationPlatforms) = preSolution
		Debug|Any CPU = Debug|Any CPU
		Release|Any CPU = Release|Any CPU
	EndGlobalSection
	GlobalSection(ProjectConfigurationPlatforms) = postSolution
		{A37180FE-6AB4-4A7E-ACD1-AE6F860BFD3F}.Debug|Any CPU.ActiveCfg = Debug|Any CPU
		{A37180FE-6AB4-4A7E-ACD1-AE6F860BFD3F}.Debug|Any CPU.Build.0 = Debug|Any CPU
		{A37180FE-6AB4-4A7E-ACD1-AE6F860BFD3F}.Release|Any CPU.ActiveCfg = Release|Any CPU
		{A37180FE-6AB4-4A7E-ACD1-AE6F860BFD3F}.Release|Any CPU.Build.0 = Release|Any CPU
	EndGlobalSection
	GlobalSection(SolutionProperties) = preSolution
		HideSolutionNode = FALSE
	EndGlobalSection
	GlobalSection(ExtensibilityGlobals) = postSolution
		SolutionGuid = {476E75D0-6E22-42F1-89C1-0F197BA1709C}
	EndGlobalSection
EndGlobal
